{
  "version": 4,
  "terraform_version": "1.16.2",
  "serial": 2,
  "lineage": "fcc8240f-b888-efe3-090f-a6bf5310c9c2",
  "outputs": {
    "vpc_cidr": {
      "value": "10.30.0.0/16",
      "type": "string"
    },
    "vpc_id": {
      "value": "vpc-0ddbbf7b3eb425430",
      "type": "string"
    }
  },
  "resources": [
    {
      "mode": "managed",
      "type": "aws_vpc",
      "name": "vpc_aula",
      "provider": "provider[\"registry.terraform.io/hashicorp/aws\"]",
      "instances": [
        {
          "schema_version": 1,
          "attributes": {
            "arn": "arn:aws:ec2:us-east-1:665598584000:vpc/vpc-0ddbbf7b3eb425430",
            "assign_generated_ipv6_cidr_block": false,
            "cidr_block": "10.30.0.0/16",
            "default_network_acl_id": "acl-0a6c514f71cfdc0fd",
            "default_route_table_id": "rtb-0e511c8d470318527",
            "default_security_group_id": "sg-081c19ffc6ca80b86",
            "dhcp_options_id": "dopt-05f384e8f68f5d4e1",
            "enable_dns_hostnames": false,
            "enable_dns_support": true,
            "enable_network_address_usage_metrics": false,
            "id": "vpc-0ddbbf7b3eb425430",
            "instance_tenancy": "default",
            "ipv4_ipam_pool_id": null,
            "ipv4_netmask_length": null,
            "ipv6_association_id": "",
            "ipv6_cidr_block": "",
            "ipv6_cidr_block_network_border_group": "",
            "ipv6_ipam_pool_id": "",
            "ipv6_netmask_length": 0,
            "main_route_table_id": "rtb-0e511c8d470318527",
            "owner_id": "665598584000",
            "region": "us-east-1",
            "tags": {
              "Name": "vpc-outputs"
            },
            "tags_all": {
              "Name": "vpc-outputs"
            }
          },
          "sensitive_attributes": [],
          "identity_schema_version": 0,
          "identity": {
            "account_id": "665598584000",
            "id": "vpc-0ddbbf7b3eb425430",
            "region": "us-east-1"
          },
          "private": "eyJzY2hlbWFfdmVyc2lvbiI6IjEifQ=="
        }
      ]
    }
  ],
  "check_results": null
}
