{
  "version": 4,
  "terraform_version": "1.16.2",
  "serial": 3,
  "lineage": "0b3c3013-28d0-2e45-5b80-452c9678b48f",
  "outputs": {},
  "resources": [
    {
      "mode": "managed",
      "type": "aws_vpc",
      "name": "vpc_aula",
      "provider": "provider[\"registry.terraform.io/hashicorp/aws\"]",
      "instances": [
        {
          "schema_version": 1,
          "attributes": {
            "arn": "arn:aws:ec2:us-east-1:665598584000:vpc/vpc-04e74fc8cc90ed79d",
            "assign_generated_ipv6_cidr_block": false,
            "cidr_block": "10.10.0.0/16",
            "default_network_acl_id": "acl-0d2e078407f801c47",
            "default_route_table_id": "rtb-07c968ad18378512e",
            "default_security_group_id": "sg-0de01a51ddd870cb8",
            "dhcp_options_id": "dopt-05f384e8f68f5d4e1",
            "enable_dns_hostnames": false,
            "enable_dns_support": true,
            "enable_network_address_usage_metrics": false,
            "id": "vpc-04e74fc8cc90ed79d",
            "instance_tenancy": "default",
            "ipv4_ipam_pool_id": null,
            "ipv4_netmask_length": null,
            "ipv6_association_id": "",
            "ipv6_cidr_block": "",
            "ipv6_cidr_block_network_border_group": "",
            "ipv6_ipam_pool_id": "",
            "ipv6_netmask_length": 0,
            "main_route_table_id": "rtb-07c968ad18378512e",
            "owner_id": "665598584000",
            "region": "us-east-1",
            "tags": {
              "Name": "terraform-vpc-jesustaulesvpc"
            },
            "tags_all": {
              "Name": "terraform-vpc-jesustaulesvpc"
            }
          },
          "sensitive_attributes": [],
          "identity_schema_version": 0,
          "identity": {
            "account_id": "665598584000",
            "id": "vpc-04e74fc8cc90ed79d",
            "region": "us-east-1"
          },
          "private": "eyJzY2hlbWFfdmVyc2lvbiI6IjEifQ=="
        }
      ]
    }
  ],
  "check_results": null
}
