{
  "version": 4,
  "terraform_version": "1.16.2",
  "serial": 3,
  "lineage": "f3210252-9aea-9bb6-6e1e-956969a6dc4d",
  "outputs": {},
  "resources": [
    {
      "mode": "managed",
      "type": "aws_vpc",
      "name": "vpc_aula",
      "provider": "provider[\"registry.terraform.io/hashicorp/aws\"]",
      "instances": [
        {
          "schema_version": 1,
          "attributes": {
            "arn": "arn:aws:ec2:us-east-1:665598584000:vpc/vpc-0959f368eb21ec3de",
            "assign_generated_ipv6_cidr_block": false,
            "cidr_block": "10.50.0.0/16",
            "default_network_acl_id": "acl-05fd89ffa44c0b874",
            "default_route_table_id": "rtb-01a8d384276bcde1e",
            "default_security_group_id": "sg-0290364206ccc18d2",
            "dhcp_options_id": "dopt-05f384e8f68f5d4e1",
            "enable_dns_hostnames": false,
            "enable_dns_support": true,
            "enable_network_address_usage_metrics": false,
            "id": "vpc-0959f368eb21ec3de",
            "instance_tenancy": "default",
            "ipv4_ipam_pool_id": null,
            "ipv4_netmask_length": null,
            "ipv6_association_id": "",
            "ipv6_cidr_block": "",
            "ipv6_cidr_block_network_border_group": "",
            "ipv6_ipam_pool_id": "",
            "ipv6_netmask_length": 0,
            "main_route_table_id": "rtb-01a8d384276bcde1e",
            "owner_id": "665598584000",
            "region": "us-east-1",
            "tags": {
              "Name": "vpc-original"
            },
            "tags_all": {
              "Name": "vpc-original"
            }
          },
          "sensitive_attributes": [],
          "identity_schema_version": 0,
          "identity": {
            "account_id": "665598584000",
            "id": "vpc-0959f368eb21ec3de",
            "region": "us-east-1"
          },
          "private": "eyJzY2hlbWFfdmVyc2lvbiI6IjEifQ=="
        }
      ]
    }
  ],
  "check_results": null
}
